
Microsoft Visual Studio Solution File, Format Version 12.00
# Visual Studio 15
VisualStudioVersion = 15.0.28307.902
MinimumVisualStudioVersion = 10.0.40219.1
Project("{FAE04EC0-301F-11D3-BF4B-00C04F79EFBC}") = "LootProfiler", "LootProfiler\LootProfiler.csproj", "{081C3273-6B31-480B-84B6-107E29C54695}"
EndProject
Global
	GlobalSection(SolutionConfigurationPlatforms) = preSolution
		Debug|Any CPU = Debug|Any CPU
		Release|Any CPU = Release|Any CPU
	EndGlobalSection
	GlobalSection(ProjectConfigurationPlatforms) = postSolution
		{081C3273-6B31-480B-84B6-107E29C54695}.Debug|Any CPU.ActiveCfg = Debug|Any CPU
		{081C3273-6B31-480B-84B6-107E29C54695}.Debug|Any CPU.Build.0 = Debug|Any CPU
		{081C3273-6B31-480B-84B6-107E29C54695}.Release|Any CPU.ActiveCfg = Release|Any CPU
		{081C3273-6B31-480B-84B6-107E29C54695}.Release|Any CPU.Build.0 = Release|Any CPU
	EndGlobalSection
	GlobalSection(SolutionProperties) = preSolution
		HideSolutionNode = FALSE
	EndGlobalSection
	GlobalSection(ExtensibilityGlobals) = postSolution
		SolutionGuid = {F43F2DD7-6499-448E-9817-C16B28D1B33A}
	EndGlobalSection
EndGlobal
